
Microsoft Visual Studio Solution File, Format Version 12.00
# Visual Studio 15
VisualStudioVersion = 15.0.27428.1
MinimumVisualStudioVersion = 10.0.40219.1
Project("{FAE04EC0-301F-11D3-BF4B-00C04F79EFBC}") = "UI", "UI\UI.csproj", "{C206BDAC-F664-4953-9620-49B99CC736B4}"
EndProject
Project("{FAE04EC0-301F-11D3-BF4B-00C04F79EFBC}") = "BL", "BL\BL.csproj", "{16B05D74-13CD-49EB-B7E3-461D1F3F373B}"
EndProject
Project("{FAE04EC0-301F-11D3-BF4B-00C04F79EFBC}") = "DAL", "DAL\DAL.csproj", "{F6D522BE-456F-41A6-86F6-26639B5BF8D0}"
EndProject
Project("{FAE04EC0-301F-11D3-BF4B-00C04F79EFBC}") = "DP", "DP\DP.csproj", "{D2F7EACE-A592-48E0-A9C5-711E9C404115}"
EndProject
Global
	GlobalSection(SolutionConfigurationPlatforms) = preSolution
		Debug|Any CPU = Debug|Any CPU
		Release|Any CPU = Release|Any CPU
	EndGlobalSection
	GlobalSection(ProjectConfigurationPlatforms) = postSolution
		{C206BDAC-F664-4953-9620-49B99CC736B4}.Debug|Any CPU.ActiveCfg = Debug|Any CPU
		{C206BDAC-F664-4953-9620-49B99CC736B4}.Debug|Any CPU.Build.0 = Debug|Any CPU
		{C206BDAC-F664-4953-9620-49B99CC736B4}.Release|Any CPU.ActiveCfg = Release|Any CPU
		{C206BDAC-F664-4953-9620-49B99CC736B4}.Release|Any CPU.Build.0 = Release|Any CPU
		{16B05D74-13CD-49EB-B7E3-461D1F3F373B}.Debug|Any CPU.ActiveCfg = Debug|Any CPU
		{16B05D74-13CD-49EB-B7E3-461D1F3F373B}.Debug|Any CPU.Build.0 = Debug|Any CPU
		{16B05D74-13CD-49EB-B7E3-461D1F3F373B}.Release|Any CPU.ActiveCfg = Release|Any CPU
		{16B05D74-13CD-49EB-B7E3-461D1F3F373B}.Release|Any CPU.Build.0 = Release|Any CPU
		{F6D522BE-456F-41A6-86F6-26639B5BF8D0}.Debug|Any CPU.ActiveCfg = Debug|Any CPU
		{F6D522BE-456F-41A6-86F6-26639B5BF8D0}.Debug|Any CPU.Build.0 = Debug|Any CPU
		{F6D522BE-456F-41A6-86F6-26639B5BF8D0}.Release|Any CPU.ActiveCfg = Release|Any CPU
		{F6D522BE-456F-41A6-86F6-26639B5BF8D0}.Release|Any CPU.Build.0 = Release|Any CPU
		{D2F7EACE-A592-48E0-A9C5-711E9C404115}.Debug|Any CPU.ActiveCfg = Debug|Any CPU
		{D2F7EACE-A592-48E0-A9C5-711E9C404115}.Debug|Any CPU.Build.0 = Debug|Any CPU
		{D2F7EACE-A592-48E0-A9C5-711E9C404115}.Release|Any CPU.ActiveCfg = Release|Any CPU
		{D2F7EACE-A592-48E0-A9C5-711E9C404115}.Release|Any CPU.Build.0 = Release|Any CPU
	EndGlobalSection
	GlobalSection(SolutionProperties) = preSolution
		HideSolutionNode = FALSE
	EndGlobalSection
	GlobalSection(ExtensibilityGlobals) = postSolution
		SolutionGuid = {2674A333-CAB0-48EC-A683-06BA84BCF559}
	EndGlobalSection
EndGlobal
